// !$*UTF8*$!
{
	archiveVersion = 1;
	classes = {
	};
	objectVersion = 50;
	objects = {

/* Begin PBXBuildFile section */
		2A76DF0274F97B279D2BD9F9 /* Pods_smack_app.framework in Frameworks */ = {isa = PBXBuildFile; fileRef = 63C3D376E2FFDF0E71B0F3F1 /* Pods_smack_app.framework */; };
		D8000BC12101E5B000E3D438 /* GradientView.swift in Sources */ = {isa = PBXBuildFile; fileRef = D8000BC02101E5B000E3D438 /* GradientView.swift */; };
		D8000BC521020DEF00E3D438 /* Constants.swift in Sources */ = {isa = PBXBuildFile; fileRef = D8000BC421020DEF00E3D438 /* Constants.swift */; };
		D8000BC72102232E00E3D438 /* LoginVC.swift in Sources */ = {isa = PBXBuildFile; fileRef = D8000BC62102232E00E3D438 /* LoginVC.swift */; };
		D8000BC921022D5300E3D438 /* CreateAccountVC.swift in Sources */ = {isa = PBXBuildFile; fileRef = D8000BC821022D5300E3D438 /* CreateAccountVC.swift */; };
		D840A25620FE54A400BF92C5 /* ChatVC.swift in Sources */ = {isa = PBXBuildFile; fileRef = D840A25520FE54A400BF92C5 /* ChatVC.swift */; };
		D840A25820FE54B900BF92C5 /* ChannelVC.swift in Sources */ = {isa = PBXBuildFile; fileRef = D840A25720FE54B900BF92C5 /* ChannelVC.swift */; };
		D87841512105DA00002B85EA /* UserDataService.swift in Sources */ = {isa = PBXBuildFile; fileRef = D87841502105DA00002B85EA /* UserDataService.swift */; };
		D878415321060574002B85EA /* AvatarPickerVC.swift in Sources */ = {isa = PBXBuildFile; fileRef = D878415221060574002B85EA /* AvatarPickerVC.swift */; };
		D8784155210609C0002B85EA /* AvatarCell.swift in Sources */ = {isa = PBXBuildFile; fileRef = D8784154210609C0002B85EA /* AvatarCell.swift */; };
		D878415721064F52002B85EA /* CircleImage.swift in Sources */ = {isa = PBXBuildFile; fileRef = D878415621064F52002B85EA /* CircleImage.swift */; };
		D894DDB120FD2DC600E4155F /* AppDelegate.swift in Sources */ = {isa = PBXBuildFile; fileRef = D894DDB020FD2DC600E4155F /* AppDelegate.swift */; };
		D894DDB620FD2DC600E4155F /* Main.storyboard in Resources */ = {isa = PBXBuildFile; fileRef = D894DDB420FD2DC600E4155F /* Main.storyboard */; };
		D894DDB820FD2DC800E4155F /* Assets.xcassets in Resources */ = {isa = PBXBuildFile; fileRef = D894DDB720FD2DC800E4155F /* Assets.xcassets */; };
		D894DDBB20FD2DC800E4155F /* LaunchScreen.storyboard in Resources */ = {isa = PBXBuildFile; fileRef = D894DDB920FD2DC800E4155F /* LaunchScreen.storyboard */; };
		D894DDC620FD47B900E4155F /* SWRevealViewController.m in Sources */ = {isa = PBXBuildFile; fileRef = D894DDC420FD47B800E4155F /* SWRevealViewController.m */; };
		D898BA772104A1BD0071F762 /* RoundedButton.swift in Sources */ = {isa = PBXBuildFile; fileRef = D898BA762104A1BD0071F762 /* RoundedButton.swift */; };
		D8BA2F122103AEC800A2B3FD /* AuthService.swift in Sources */ = {isa = PBXBuildFile; fileRef = D8BA2F112103AEC800A2B3FD /* AuthService.swift */; };
/* End PBXBuildFile section */

/* Begin PBXFileReference section */
		63C3D376E2FFDF0E71B0F3F1 /* Pods_smack_app.framework */ = {isa = PBXFileReference; explicitFileType = wrapper.framework; includeInIndex = 0; path = Pods_smack_app.framework; sourceTree = BUILT_PRODUCTS_DIR; };
		784781AF82E0FA69ECB3864F /* Pods-smack-app.release.xcconfig */ = {isa = PBXFileReference; includeInIndex = 1; lastKnownFileType = text.xcconfig; name = "Pods-smack-app.release.xcconfig"; path = "Pods/Target Support Files/Pods-smack-app/Pods-smack-app.release.xcconfig"; sourceTree = "<group>"; };
		8B1F13517C6B67A92F8AE88A /* Pods-smack-app.debug.xcconfig */ = {isa = PBXFileReference; includeInIndex = 1; lastKnownFileType = text.xcconfig; name = "Pods-smack-app.debug.xcconfig"; path = "Pods/Target Support Files/Pods-smack-app/Pods-smack-app.debug.xcconfig"; sourceTree = "<group>"; };
		D8000BC02101E5B000E3D438 /* GradientView.swift */ = {isa = PBXFileReference; lastKnownFileType = sourcecode.swift; path = GradientView.swift; sourceTree = "<group>"; };
		D8000BC421020DEF00E3D438 /* Constants.swift */ = {isa = PBXFileReference; lastKnownFileType = sourcecode.swift; path = Constants.swift; sourceTree = "<group>"; };
		D8000BC62102232E00E3D438 /* LoginVC.swift */ = {isa = PBXFileReference; lastKnownFileType = sourcecode.swift; path = LoginVC.swift; sourceTree = "<group>"; };
		D8000BC821022D5300E3D438 /* CreateAccountVC.swift */ = {isa = PBXFileReference; lastKnownFileType = sourcecode.swift; path = CreateAccountVC.swift; sourceTree = "<group>"; };
		D840A25520FE54A400BF92C5 /* ChatVC.swift */ = {isa = PBXFileReference; lastKnownFileType = sourcecode.swift; path = ChatVC.swift; sourceTree = "<group>"; };
		D840A25720FE54B900BF92C5 /* ChannelVC.swift */ = {isa = PBXFileReference; lastKnownFileType = sourcecode.swift; path = ChannelVC.swift; sourceTree = "<group>"; };
		D87841502105DA00002B85EA /* UserDataService.swift */ = {isa = PBXFileReference; lastKnownFileType = sourcecode.swift; path = UserDataService.swift; sourceTree = "<group>"; };
		D878415221060574002B85EA /* AvatarPickerVC.swift */ = {isa = PBXFileReference; lastKnownFileType = sourcecode.swift; path = AvatarPickerVC.swift; sourceTree = "<group>"; };
		D8784154210609C0002B85EA /* AvatarCell.swift */ = {isa = PBXFileReference; lastKnownFileType = sourcecode.swift; path = AvatarCell.swift; sourceTree = "<group>"; };
		D878415621064F52002B85EA /* CircleImage.swift */ = {isa = PBXFileReference; lastKnownFileType = sourcecode.swift; path = CircleImage.swift; sourceTree = "<group>"; };
		D894DDAD20FD2DC600E4155F /* smack-app.app */ = {isa = PBXFileReference; explicitFileType = wrapper.application; includeInIndex = 0; path = "smack-app.app"; sourceTree = BUILT_PRODUCTS_DIR; };
		D894DDB020FD2DC600E4155F /* AppDelegate.swift */ = {isa = PBXFileReference; lastKnownFileType = sourcecode.swift; path = AppDelegate.swift; sourceTree = "<group>"; };
		D894DDB520FD2DC600E4155F /* Base */ = {isa = PBXFileReference; lastKnownFileType = file.storyboard; name = Base; path = Base.lproj/Main.storyboard; sourceTree = "<group>"; };
		D894DDB720FD2DC800E4155F /* Assets.xcassets */ = {isa = PBXFileReference; lastKnownFileType = folder.assetcatalog; path = Assets.xcassets; sourceTree = "<group>"; };
		D894DDBA20FD2DC800E4155F /* Base */ = {isa = PBXFileReference; lastKnownFileType = file.storyboard; name = Base; path = Base.lproj/LaunchScreen.storyboard; sourceTree = "<group>"; };
		D894DDBC20FD2DC800E4155F /* Info.plist */ = {isa = PBXFileReference; lastKnownFileType = text.plist.xml; path = Info.plist; sourceTree = "<group>"; };
		D894DDC320FD47B600E4155F /* smack-app-Bridging-Header.h */ = {isa = PBXFileReference; lastKnownFileType = sourcecode.c.h; path = "smack-app-Bridging-Header.h"; sourceTree = "<group>"; };
		D894DDC420FD47B800E4155F /* SWRevealViewController.m */ = {isa = PBXFileReference; fileEncoding = 4; lastKnownFileType = sourcecode.c.objc; path = SWRevealViewController.m; sourceTree = "<group>"; };
		D894DDC520FD47B900E4155F /* SWRevealViewController.h */ = {isa = PBXFileReference; fileEncoding = 4; lastKnownFileType = sourcecode.c.h; path = SWRevealViewController.h; sourceTree = "<group>"; };
		D898BA762104A1BD0071F762 /* RoundedButton.swift */ = {isa = PBXFileReference; lastKnownFileType = sourcecode.swift; path = RoundedButton.swift; sourceTree = "<group>"; };
		D8BA2F112103AEC800A2B3FD /* AuthService.swift */ = {isa = PBXFileReference; lastKnownFileType = sourcecode.swift; path = AuthService.swift; sourceTree = "<group>"; };
/* End PBXFileReference section */

/* Begin PBXFrameworksBuildPhase section */
		D894DDAA20FD2DC600E4155F /* Frameworks */ = {
			isa = PBXFrameworksBuildPhase;
			buildActionMask = 2147483647;
			files = (
				2A76DF0274F97B279D2BD9F9 /* Pods_smack_app.framework in Frameworks */,
			);
			runOnlyForDeploymentPostprocessing = 0;
		};
/* End PBXFrameworksBuildPhase section */

/* Begin PBXGroup section */
		52DC531AA03CB37CC93A6A80 /* Frameworks */ = {
			isa = PBXGroup;
			children = (
				63C3D376E2FFDF0E71B0F3F1 /* Pods_smack_app.framework */,
			);
			name = Frameworks;
			sourceTree = "<group>";
		};
		9D9BDE50F674ECB6571E75D4 /* Pods */ = {
			isa = PBXGroup;
			children = (
				8B1F13517C6B67A92F8AE88A /* Pods-smack-app.debug.xcconfig */,
				784781AF82E0FA69ECB3864F /* Pods-smack-app.release.xcconfig */,
			);
			name = Pods;
			sourceTree = "<group>";
		};
		D8000BC221020DBE00E3D438 /* Utilities */ = {
			isa = PBXGroup;
			children = (
				D8000BC421020DEF00E3D438 /* Constants.swift */,
			);
			path = Utilities;
			sourceTree = "<group>";
		};
		D840A25220FE541000BF92C5 /* Controller */ = {
			isa = PBXGroup;
			children = (
				D840A25520FE54A400BF92C5 /* ChatVC.swift */,
				D840A25720FE54B900BF92C5 /* ChannelVC.swift */,
				D8000BC62102232E00E3D438 /* LoginVC.swift */,
				D8000BC821022D5300E3D438 /* CreateAccountVC.swift */,
				D878415221060574002B85EA /* AvatarPickerVC.swift */,
			);
			path = Controller;
			sourceTree = "<group>";
		};
		D840A25320FE541700BF92C5 /* View */ = {
			isa = PBXGroup;
			children = (
				D8000BC02101E5B000E3D438 /* GradientView.swift */,
				D898BA762104A1BD0071F762 /* RoundedButton.swift */,
				D8784154210609C0002B85EA /* AvatarCell.swift */,
				D878415621064F52002B85EA /* CircleImage.swift */,
			);
			path = View;
			sourceTree = "<group>";
		};
		D840A25420FE541E00BF92C5 /* Model */ = {
			isa = PBXGroup;
			children = (
			);
			path = Model;
			sourceTree = "<group>";
		};
		D894DDA420FD2DC600E4155F = {
			isa = PBXGroup;
			children = (
				D894DDAF20FD2DC600E4155F /* smack-app */,
				D894DDAE20FD2DC600E4155F /* Products */,
				9D9BDE50F674ECB6571E75D4 /* Pods */,
				52DC531AA03CB37CC93A6A80 /* Frameworks */,
			);
			sourceTree = "<group>";
		};
		D894DDAE20FD2DC600E4155F /* Products */ = {
			isa = PBXGroup;
			children = (
				D894DDAD20FD2DC600E4155F /* smack-app.app */,
			);
			name = Products;
			sourceTree = "<group>";
		};
		D894DDAF20FD2DC600E4155F /* smack-app */ = {
			isa = PBXGroup;
			children = (
				D8BA2F102103A68F00A2B3FD /* Services */,
				D8000BC221020DBE00E3D438 /* Utilities */,
				D840A25420FE541E00BF92C5 /* Model */,
				D840A25320FE541700BF92C5 /* View */,
				D840A25220FE541000BF92C5 /* Controller */,
				D894DDC220FD469700E4155F /* Supporting Files */,
				D894DDB020FD2DC600E4155F /* AppDelegate.swift */,
				D894DDB420FD2DC600E4155F /* Main.storyboard */,
				D894DDB720FD2DC800E4155F /* Assets.xcassets */,
				D894DDB920FD2DC800E4155F /* LaunchScreen.storyboard */,
				D894DDBC20FD2DC800E4155F /* Info.plist */,
			);
			path = "smack-app";
			sourceTree = "<group>";
		};
		D894DDC220FD469700E4155F /* Supporting Files */ = {
			isa = PBXGroup;
			children = (
				D894DDC520FD47B900E4155F /* SWRevealViewController.h */,
				D894DDC420FD47B800E4155F /* SWRevealViewController.m */,
				D894DDC320FD47B600E4155F /* smack-app-Bridging-Header.h */,
			);
			path = "Supporting Files";
			sourceTree = "<group>";
		};
		D8BA2F102103A68F00A2B3FD /* Services */ = {
			isa = PBXGroup;
			children = (
				D8BA2F112103AEC800A2B3FD /* AuthService.swift */,
				D87841502105DA00002B85EA /* UserDataService.swift */,
			);
			path = Services;
			sourceTree = "<group>";
		};
/* End PBXGroup section */

/* Begin PBXNativeTarget section */
		D894DDAC20FD2DC600E4155F /* smack-app */ = {
			isa = PBXNativeTarget;
			buildConfigurationList = D894DDBF20FD2DC800E4155F /* Build configuration list for PBXNativeTarget "smack-app" */;
			buildPhases = (
				90710D54B9C8217D2C7683D0 /* [CP] Check Pods Manifest.lock */,
				D894DDA920FD2DC600E4155F /* Sources */,
				D894DDAA20FD2DC600E4155F /* Frameworks */,
				D894DDAB20FD2DC600E4155F /* Resources */,
				DB3A5CEBB3767B70ACBF132E /* [CP] Embed Pods Frameworks */,
			);
			buildRules = (
			);
			dependencies = (
			);
			name = "smack-app";
			productName = "smack-app";
			productReference = D894DDAD20FD2DC600E4155F /* smack-app.app */;
			productType = "com.apple.product-type.application";
		};
/* End PBXNativeTarget section */

/* Begin PBXProject section */
		D894DDA520FD2DC600E4155F /* Project object */ = {
			isa = PBXProject;
			attributes = {
				LastSwiftUpdateCheck = 0940;
				LastUpgradeCheck = 0940;
				ORGANIZATIONNAME = "Ayşegül Koçak";
				TargetAttributes = {
					D894DDAC20FD2DC600E4155F = {
						CreatedOnToolsVersion = 9.4.1;
						LastSwiftMigration = 0940;
					};
				};
			};
			buildConfigurationList = D894DDA820FD2DC600E4155F /* Build configuration list for PBXProject "smack-app" */;
			compatibilityVersion = "Xcode 9.3";
			developmentRegion = en;
			hasScannedForEncodings = 0;
			knownRegions = (
				en,
				Base,
			);
			mainGroup = D894DDA420FD2DC600E4155F;
			productRefGroup = D894DDAE20FD2DC600E4155F /* Products */;
			projectDirPath = "";
			projectRoot = "";
			targets = (
				D894DDAC20FD2DC600E4155F /* smack-app */,
			);
		};
/* End PBXProject section */

/* Begin PBXResourcesBuildPhase section */
		D894DDAB20FD2DC600E4155F /* Resources */ = {
			isa = PBXResourcesBuildPhase;
			buildActionMask = 2147483647;
			files = (
				D894DDBB20FD2DC800E4155F /* LaunchScreen.storyboard in Resources */,
				D894DDB820FD2DC800E4155F /* Assets.xcassets in Resources */,
				D894DDB620FD2DC600E4155F /* Main.storyboard in Resources */,
			);
			runOnlyForDeploymentPostprocessing = 0;
		};
/* End PBXResourcesBuildPhase section */

/* Begin PBXShellScriptBuildPhase section */
		90710D54B9C8217D2C7683D0 /* [CP] Check Pods Manifest.lock */ = {
			isa = PBXShellScriptBuildPhase;
			buildActionMask = 2147483647;
			files = (
			);
			inputPaths = (
				"${PODS_PODFILE_DIR_PATH}/Podfile.lock",
				"${PODS_ROOT}/Manifest.lock",
			);
			name = "[CP] Check Pods Manifest.lock";
			outputPaths = (
				"$(DERIVED_FILE_DIR)/Pods-smack-app-checkManifestLockResult.txt",
			);
			runOnlyForDeploymentPostprocessing = 0;
			shellPath = /bin/sh;
			shellScript = "diff \"${PODS_PODFILE_DIR_PATH}/Podfile.lock\" \"${PODS_ROOT}/Manifest.lock\" > /dev/null\nif [ $? != 0 ] ; then\n    # print error to STDERR\n    echo \"error: The sandbox is not in sync with the Podfile.lock. Run 'pod install' or update your CocoaPods installation.\" >&2\n    exit 1\nfi\n# This output is used by Xcode 'outputs' to avoid re-running this script phase.\necho \"SUCCESS\" > \"${SCRIPT_OUTPUT_FILE_0}\"\n";
			showEnvVarsInLog = 0;
		};
		DB3A5CEBB3767B70ACBF132E /* [CP] Embed Pods Frameworks */ = {
			isa = PBXShellScriptBuildPhase;
			buildActionMask = 2147483647;
			files = (
			);
			inputPaths = (
				"${SRCROOT}/Pods/Target Support Files/Pods-smack-app/Pods-smack-app-frameworks.sh",
				"${BUILT_PRODUCTS_DIR}/Alamofire/Alamofire.framework",
				"${BUILT_PRODUCTS_DIR}/Socket.IO-Client-Swift/SocketIO.framework",
				"${BUILT_PRODUCTS_DIR}/Starscream/Starscream.framework",
				"${BUILT_PRODUCTS_DIR}/SwiftyJSON/SwiftyJSON.framework",
			);
			name = "[CP] Embed Pods Frameworks";
			outputPaths = (
				"${TARGET_BUILD_DIR}/${FRAMEWORKS_FOLDER_PATH}/Alamofire.framework",
				"${TARGET_BUILD_DIR}/${FRAMEWORKS_FOLDER_PATH}/SocketIO.framework",
				"${TARGET_BUILD_DIR}/${FRAMEWORKS_FOLDER_PATH}/Starscream.framework",
				"${TARGET_BUILD_DIR}/${FRAMEWORKS_FOLDER_PATH}/SwiftyJSON.framework",
			);
			runOnlyForDeploymentPostprocessing = 0;
			shellPath = /bin/sh;
			shellScript = "\"${SRCROOT}/Pods/Target Support Files/Pods-smack-app/Pods-smack-app-frameworks.sh\"\n";
			showEnvVarsInLog = 0;
		};
/* End PBXShellScriptBuildPhase section */

/* Begin PBXSourcesBuildPhase section */
		D894DDA920FD2DC600E4155F /* Sources */ = {
			isa = PBXSourcesBuildPhase;
			buildActionMask = 2147483647;
			files = (
				D840A25820FE54B900BF92C5 /* ChannelVC.swift in Sources */,
				D878415321060574002B85EA /* AvatarPickerVC.swift in Sources */,
				D898BA772104A1BD0071F762 /* RoundedButton.swift in Sources */,
				D878415721064F52002B85EA /* CircleImage.swift in Sources */,
				D840A25620FE54A400BF92C5 /* ChatVC.swift in Sources */,
				D87841512105DA00002B85EA /* UserDataService.swift in Sources */,
				D8000BC921022D5300E3D438 /* CreateAccountVC.swift in Sources */,
				D8BA2F122103AEC800A2B3FD /* AuthService.swift in Sources */,
				D8000BC72102232E00E3D438 /* LoginVC.swift in Sources */,
				D8000BC12101E5B000E3D438 /* GradientView.swift in Sources */,
				D8784155210609C0002B85EA /* AvatarCell.swift in Sources */,
				D894DDB120FD2DC600E4155F /* AppDelegate.swift in Sources */,
				D894DDC620FD47B900E4155F /* SWRevealViewController.m in Sources */,
				D8000BC521020DEF00E3D438 /* Constants.swift in Sources */,
			);
			runOnlyForDeploymentPostprocessing = 0;
		};
/* End PBXSourcesBuildPhase section */

/* Begin PBXVariantGroup section */
		D894DDB420FD2DC600E4155F /* Main.storyboard */ = {
			isa = PBXVariantGroup;
			children = (
				D894DDB520FD2DC600E4155F /* Base */,
			);
			name = Main.storyboard;
			sourceTree = "<group>";
		};
		D894DDB920FD2DC800E4155F /* LaunchScreen.storyboard */ = {
			isa = PBXVariantGroup;
			children = (
				D894DDBA20FD2DC800E4155F /* Base */,
			);
			name = LaunchScreen.storyboard;
			sourceTree = "<group>";
		};
/* End PBXVariantGroup section */

/* Begin XCBuildConfiguration section */
		D894DDBD20FD2DC800E4155F /* Debug */ = {
			isa = XCBuildConfiguration;
			buildSettings = {
				ALWAYS_SEARCH_USER_PATHS = NO;
				CLANG_ANALYZER_NONNULL = YES;
				CLANG_ANALYZER_NUMBER_OBJECT_CONVERSION = YES_AGGRESSIVE;
				CLANG_CXX_LANGUAGE_STANDARD = "gnu++14";
				CLANG_CXX_LIBRARY = "libc++";
				CLANG_ENABLE_MODULES = YES;
				CLANG_ENABLE_OBJC_ARC = YES;
				CLANG_ENABLE_OBJC_WEAK = YES;
				CLANG_WARN_BLOCK_CAPTURE_AUTORELEASING = YES;
				CLANG_WARN_BOOL_CONVERSION = YES;
				CLANG_WARN_COMMA = YES;
				CLANG_WARN_CONSTANT_CONVERSION = YES;
				CLANG_WARN_DEPRECATED_OBJC_IMPLEMENTATIONS = YES;
				CLANG_WARN_DIRECT_OBJC_ISA_USAGE = YES_ERROR;
				CLANG_WARN_DOCUMENTATION_COMMENTS = YES;
				CLANG_WARN_EMPTY_BODY = YES;
				CLANG_WARN_ENUM_CONVERSION = YES;
				CLANG_WARN_INFINITE_RECURSION = YES;
				CLANG_WARN_INT_CONVERSION = YES;
				CLANG_WARN_NON_LITERAL_NULL_CONVERSION = YES;
				CLANG_WARN_OBJC_IMPLICIT_RETAIN_SELF = YES;
				CLANG_WARN_OBJC_LITERAL_CONVERSION = YES;
				CLANG_WARN_OBJC_ROOT_CLASS = YES_ERROR;
				CLANG_WARN_RANGE_LOOP_ANALYSIS = YES;
				CLANG_WARN_STRICT_PROTOTYPES = YES;
				CLANG_WARN_SUSPICIOUS_MOVE = YES;
				CLANG_WARN_UNGUARDED_AVAILABILITY = YES_AGGRESSIVE;
				CLANG_WARN_UNREACHABLE_CODE = YES;
				CLANG_WARN__DUPLICATE_METHOD_MATCH = YES;
				CODE_SIGN_IDENTITY = "iPhone Developer";
				COPY_PHASE_STRIP = NO;
				DEBUG_INFORMATION_FORMAT = dwarf;
				ENABLE_STRICT_OBJC_MSGSEND = YES;
				ENABLE_TESTABILITY = YES;
				GCC_C_LANGUAGE_STANDARD = gnu11;
				GCC_DYNAMIC_NO_PIC = NO;
				GCC_NO_COMMON_BLOCKS = YES;
				GCC_OPTIMIZATION_LEVEL = 0;
				GCC_PREPROCESSOR_DEFINITIONS = (
					"DEBUG=1",
					"$(inherited)",
				);
				GCC_WARN_64_TO_32_BIT_CONVERSION = YES;
				GCC_WARN_ABOUT_RETURN_TYPE = YES_ERROR;
				GCC_WARN_UNDECLARED_SELECTOR = YES;
				GCC_WARN_UNINITIALIZED_AUTOS = YES_AGGRESSIVE;
				GCC_WARN_UNUSED_FUNCTION = YES;
				GCC_WARN_UNUSED_VARIABLE = YES;
				IPHONEOS_DEPLOYMENT_TARGET = 11.4;
				MTL_ENABLE_DEBUG_INFO = YES;
				ONLY_ACTIVE_ARCH = YES;
				SDKROOT = iphoneos;
				SWIFT_ACTIVE_COMPILATION_CONDITIONS = DEBUG;
				SWIFT_OPTIMIZATION_LEVEL = "-Onone";
			};
			name = Debug;
		};
		D894DDBE20FD2DC800E4155F /* Release */ = {
			isa = XCBuildConfiguration;
			buildSettings = {
				ALWAYS_SEARCH_USER_PATHS = NO;
				CLANG_ANALYZER_NONNULL = YES;
				CLANG_ANALYZER_NUMBER_OBJECT_CONVERSION = YES_AGGRESSIVE;
				CLANG_CXX_LANGUAGE_STANDARD = "gnu++14";
				CLANG_CXX_LIBRARY = "libc++";
				CLANG_ENABLE_MODULES = YES;
				CLANG_ENABLE_OBJC_ARC = YES;
				CLANG_ENABLE_OBJC_WEAK = YES;
				CLANG_WARN_BLOCK_CAPTURE_AUTORELEASING = YES;
				CLANG_WARN_BOOL_CONVERSION = YES;
				CLANG_WARN_COMMA = YES;
				CLANG_WARN_CONSTANT_CONVERSION = YES;
				CLANG_WARN_DEPRECATED_OBJC_IMPLEMENTATIONS = YES;
				CLANG_WARN_DIRECT_OBJC_ISA_USAGE = YES_ERROR;
				CLANG_WARN_DOCUMENTATION_COMMENTS = YES;
				CLANG_WARN_EMPTY_BODY = YES;
				CLANG_WARN_ENUM_CONVERSION = YES;
				CLANG_WARN_INFINITE_RECURSION = YES;
				CLANG_WARN_INT_CONVERSION = YES;
				CLANG_WARN_NON_LITERAL_NULL_CONVERSION = YES;
				CLANG_WARN_OBJC_IMPLICIT_RETAIN_SELF = YES;
				CLANG_WARN_OBJC_LITERAL_CONVERSION = YES;
				CLANG_WARN_OBJC_ROOT_CLASS = YES_ERROR;
				CLANG_WARN_RANGE_LOOP_ANALYSIS = YES;
				CLANG_WARN_STRICT_PROTOTYPES = YES;
				CLANG_WARN_SUSPICIOUS_MOVE = YES;
				CLANG_WARN_UNGUARDED_AVAILABILITY = YES_AGGRESSIVE;
				CLANG_WARN_UNREACHABLE_CODE = YES;
				CLANG_WARN__DUPLICATE_METHOD_MATCH = YES;
				CODE_SIGN_IDENTITY = "iPhone Developer";
				COPY_PHASE_STRIP = NO;
				DEBUG_INFORMATION_FORMAT = "dwarf-with-dsym";
				ENABLE_NS_ASSERTIONS = NO;
				ENABLE_STRICT_OBJC_MSGSEND = YES;
				GCC_C_LANGUAGE_STANDARD = gnu11;
				GCC_NO_COMMON_BLOCKS = YES;
				GCC_WARN_64_TO_32_BIT_CONVERSION = YES;
				GCC_WARN_ABOUT_RETURN_TYPE = YES_ERROR;
				GCC_WARN_UNDECLARED_SELECTOR = YES;
				GCC_WARN_UNINITIALIZED_AUTOS = YES_AGGRESSIVE;
				GCC_WARN_UNUSED_FUNCTION = YES;
				GCC_WARN_UNUSED_VARIABLE = YES;
				IPHONEOS_DEPLOYMENT_TARGET = 11.4;
				MTL_ENABLE_DEBUG_INFO = NO;
				SDKROOT = iphoneos;
				SWIFT_COMPILATION_MODE = wholemodule;
				SWIFT_OPTIMIZATION_LEVEL = "-O";
				VALIDATE_PRODUCT = YES;
			};
			name = Release;
		};
		D894DDC020FD2DC800E4155F /* Debug */ = {
			isa = XCBuildConfiguration;
			baseConfigurationReference = 8B1F13517C6B67A92F8AE88A /* Pods-smack-app.debug.xcconfig */;
			buildSettings = {
				ASSETCATALOG_COMPILER_APPICON_NAME = AppIcon;
				CLANG_ENABLE_MODULES = YES;
				CODE_SIGN_STYLE = Automatic;
				DEVELOPMENT_TEAM = YBACMN2Q84;
				INFOPLIST_FILE = "smack-app/Info.plist";
				LD_RUNPATH_SEARCH_PATHS = (
					"$(inherited)",
					"@executable_path/Frameworks",
				);
				PRODUCT_BUNDLE_IDENTIFIER = "aysegulkock.smack-app";
				PRODUCT_NAME = "$(TARGET_NAME)";
				SWIFT_OBJC_BRIDGING_HEADER = "smack-app/Supporting Files/smack-app-Bridging-Header.h";
				SWIFT_OPTIMIZATION_LEVEL = "-Onone";
				SWIFT_VERSION = 4.0;
				TARGETED_DEVICE_FAMILY = "1,2";
			};
			name = Debug;
		};
		D894DDC120FD2DC800E4155F /* Release */ = {
			isa = XCBuildConfiguration;
			baseConfigurationReference = 784781AF82E0FA69ECB3864F /* Pods-smack-app.release.xcconfig */;
			buildSettings = {
				ASSETCATALOG_COMPILER_APPICON_NAME = AppIcon;
				CLANG_ENABLE_MODULES = YES;
				CODE_SIGN_STYLE = Automatic;
				DEVELOPMENT_TEAM = YBACMN2Q84;
				INFOPLIST_FILE = "smack-app/Info.plist";
				LD_RUNPATH_SEARCH_PATHS = (
					"$(inherited)",
					"@executable_path/Frameworks",
				);
				PRODUCT_BUNDLE_IDENTIFIER = "aysegulkock.smack-app";
				PRODUCT_NAME = "$(TARGET_NAME)";
				SWIFT_OBJC_BRIDGING_HEADER = "smack-app/Supporting Files/smack-app-Bridging-Header.h";
				SWIFT_VERSION = 4.0;
				TARGETED_DEVICE_FAMILY = "1,2";
			};
			name = Release;
		};
/* End XCBuildConfiguration section */

/* Begin XCConfigurationList section */
		D894DDA820FD2DC600E4155F /* Build configuration list for PBXProject "smack-app" */ = {
			isa = XCConfigurationList;
			buildConfigurations = (
				D894DDBD20FD2DC800E4155F /* Debug */,
				D894DDBE20FD2DC800E4155F /* Release */,
			);
			defaultConfigurationIsVisible = 0;
			defaultConfigurationName = Release;
		};
		D894DDBF20FD2DC800E4155F /* Build configuration list for PBXNativeTarget "smack-app" */ = {
			isa = XCConfigurationList;
			buildConfigurations = (
				D894DDC020FD2DC800E4155F /* Debug */,
				D894DDC120FD2DC800E4155F /* Release */,
			);
			defaultConfigurationIsVisible = 0;
			defaultConfigurationName = Release;
		};
/* End XCConfigurationList section */
	};
	rootObject = D894DDA520FD2DC600E4155F /* Project object */;
}
